
Microsoft Visual Studio Solution File, Format Version 12.00
Project("{FAE04EC0-301F-11D3-BF4B-00C04F79EFBC}") = "university-equipment-rental", "university-equipment-rental\university-equipment-rental.csproj", "{BCEFF5BB-3EB3-423A-83B8-1533AEAAD676}"
EndProject
Global
	GlobalSection(SolutionConfigurationPlatforms) = preSolution
		Debug|Any CPU = Debug|Any CPU
		Release|Any CPU = Release|Any CPU
	EndGlobalSection
	GlobalSection(ProjectConfigurationPlatforms) = postSolution
		{BCEFF5BB-3EB3-423A-83B8-1533AEAAD676}.Debug|Any CPU.ActiveCfg = Debug|Any CPU
		{BCEFF5BB-3EB3-423A-83B8-1533AEAAD676}.Debug|Any CPU.Build.0 = Debug|Any CPU
		{BCEFF5BB-3EB3-423A-83B8-1533AEAAD676}.Release|Any CPU.ActiveCfg = Release|Any CPU
		{BCEFF5BB-3EB3-423A-83B8-1533AEAAD676}.Release|Any CPU.Build.0 = Release|Any CPU
	EndGlobalSection
EndGlobal
